
Microsoft Visual Studio Solution File, Format Version 12.00
# Visual Studio 15
VisualStudioVersion = 15.0.27004.2005
MinimumVisualStudioVersion = 10.0.40219.1
Project("{FAE04EC0-301F-11D3-BF4B-00C04F79EFBC}") = "Server", "anotherNetworkingTest\Server.csproj", "{4A5496FD-BC4E-4CBF-88E9-74233107D7D5}"
	ProjectSection(ProjectDependencies) = postProject
		{97C05238-E983-4F9E-8C86-D71E5FDA62B2} = {97C05238-E983-4F9E-8C86-D71E5FDA62B2}
	EndProjectSection
EndProject
Project("{FAE04EC0-301F-11D3-BF4B-00C04F79EFBC}") = "NetworkingCore", "NetworkingCore\NetworkingCore.csproj", "{B79FF125-0D80-4A55-B796-E46A5AC46914}"
EndProject
Project("{FAE04EC0-301F-11D3-BF4B-00C04F79EFBC}") = "Client", "clientTesting\Client.csproj", "{78950806-884B-4A22-99FA-A2B0D4BBCFC0}"
EndProject
Project("{FAE04EC0-301F-11D3-BF4B-00C04F79EFBC}") = "DefaultPackage", "DefaultPackage\DefaultPackage.csproj", "{97C05238-E983-4F9E-8C86-D71E5FDA62B2}"
EndProject
Global
	GlobalSection(SolutionConfigurationPlatforms) = preSolution
		Debug|Any CPU = Debug|Any CPU
		Release|Any CPU = Release|Any CPU
	EndGlobalSection
	GlobalSection(ProjectConfigurationPlatforms) = postSolution
		{4A5496FD-BC4E-4CBF-88E9-74233107D7D5}.Debug|Any CPU.ActiveCfg = Debug|Any CPU
		{4A5496FD-BC4E-4CBF-88E9-74233107D7D5}.Debug|Any CPU.Build.0 = Debug|Any CPU
		{4A5496FD-BC4E-4CBF-88E9-74233107D7D5}.Release|Any CPU.ActiveCfg = Release|Any CPU
		{4A5496FD-BC4E-4CBF-88E9-74233107D7D5}.Release|Any CPU.Build.0 = Release|Any CPU
		{B79FF125-0D80-4A55-B796-E46A5AC46914}.Debug|Any CPU.ActiveCfg = Debug|Any CPU
		{B79FF125-0D80-4A55-B796-E46A5AC46914}.Debug|Any CPU.Build.0 = Debug|Any CPU
		{B79FF125-0D80-4A55-B796-E46A5AC46914}.Release|Any CPU.ActiveCfg = Release|Any CPU
		{B79FF125-0D80-4A55-B796-E46A5AC46914}.Release|Any CPU.Build.0 = Release|Any CPU
		{78950806-884B-4A22-99FA-A2B0D4BBCFC0}.Debug|Any CPU.ActiveCfg = Debug|Any CPU
		{78950806-884B-4A22-99FA-A2B0D4BBCFC0}.Debug|Any CPU.Build.0 = Debug|Any CPU
		{78950806-884B-4A22-99FA-A2B0D4BBCFC0}.Release|Any CPU.ActiveCfg = Release|Any CPU
		{78950806-884B-4A22-99FA-A2B0D4BBCFC0}.Release|Any CPU.Build.0 = Release|Any CPU
		{97C05238-E983-4F9E-8C86-D71E5FDA62B2}.Debug|Any CPU.ActiveCfg = Debug|Any CPU
		{97C05238-E983-4F9E-8C86-D71E5FDA62B2}.Debug|Any CPU.Build.0 = Debug|Any CPU
		{97C05238-E983-4F9E-8C86-D71E5FDA62B2}.Release|Any CPU.ActiveCfg = Release|Any CPU
		{97C05238-E983-4F9E-8C86-D71E5FDA62B2}.Release|Any CPU.Build.0 = Release|Any CPU
	EndGlobalSection
	GlobalSection(SolutionProperties) = preSolution
		HideSolutionNode = FALSE
	EndGlobalSection
	GlobalSection(ExtensibilityGlobals) = postSolution
		SolutionGuid = {15C1B1C2-BBFC-4186-8F43-F6E9285943B8}
	EndGlobalSection
EndGlobal
